
Microsoft Visual Studio Solution File, Format Version 12.00
# Visual Studio 15
VisualStudioVersion = 15.0.27130.2020
MinimumVisualStudioVersion = 10.0.40219.1
Project("{9A19103F-16F7-4668-BE54-9A1E7A4F7556}") = "MailMinion", "MailMinion\MailMinion.csproj", "{72BBA6B6-A2DE-47DA-9CA5-DA60B5A755E6}"
EndProject
Project("{FAE04EC0-301F-11D3-BF4B-00C04F79EFBC}") = "MailMinion.Tests", "MailMinion.Tests\MailMinion.Tests.csproj", "{07CF4407-FE56-4ED9-8304-6F4A197C7011}"
EndProject
Global
	GlobalSection(SolutionConfigurationPlatforms) = preSolution
		Debug|Any CPU = Debug|Any CPU
		Release|Any CPU = Release|Any CPU
	EndGlobalSection
	GlobalSection(ProjectConfigurationPlatforms) = postSolution
		{72BBA6B6-A2DE-47DA-9CA5-DA60B5A755E6}.Debug|Any CPU.ActiveCfg = Debug|Any CPU
		{72BBA6B6-A2DE-47DA-9CA5-DA60B5A755E6}.Debug|Any CPU.Build.0 = Debug|Any CPU
		{72BBA6B6-A2DE-47DA-9CA5-DA60B5A755E6}.Release|Any CPU.ActiveCfg = Release|Any CPU
		{72BBA6B6-A2DE-47DA-9CA5-DA60B5A755E6}.Release|Any CPU.Build.0 = Release|Any CPU
		{07CF4407-FE56-4ED9-8304-6F4A197C7011}.Debug|Any CPU.ActiveCfg = Debug|Any CPU
		{07CF4407-FE56-4ED9-8304-6F4A197C7011}.Debug|Any CPU.Build.0 = Debug|Any CPU
		{07CF4407-FE56-4ED9-8304-6F4A197C7011}.Release|Any CPU.ActiveCfg = Release|Any CPU
		{07CF4407-FE56-4ED9-8304-6F4A197C7011}.Release|Any CPU.Build.0 = Release|Any CPU
	EndGlobalSection
	GlobalSection(SolutionProperties) = preSolution
		HideSolutionNode = FALSE
	EndGlobalSection
	GlobalSection(ExtensibilityGlobals) = postSolution
		SolutionGuid = {8CD524E4-A34A-45E0-B5CE-E2CBF4BA0561}
	EndGlobalSection
EndGlobal
