
Microsoft Visual Studio Solution File, Format Version 12.00
# Visual Studio 15
VisualStudioVersion = 15.0.27130.2020
MinimumVisualStudioVersion = 10.0.40219.1
Project("{FAE04EC0-301F-11D3-BF4B-00C04F79EFBC}") = "MailMinion", "MailMinion\MailMinion.csproj", "{C1DF6E4B-404C-4671-B077-66D42EEC0D46}"
EndProject
Project("{FAE04EC0-301F-11D3-BF4B-00C04F79EFBC}") = "MailMinion.Tests", "MailMinion.Tests\MailMinion.Tests.csproj", "{442FD75C-F8BD-459E-B9CE-1B9F002C2227}"
EndProject
Global
	GlobalSection(SolutionConfigurationPlatforms) = preSolution
		Debug|Any CPU = Debug|Any CPU
		Release|Any CPU = Release|Any CPU
	EndGlobalSection
	GlobalSection(ProjectConfigurationPlatforms) = postSolution
		{C1DF6E4B-404C-4671-B077-66D42EEC0D46}.Debug|Any CPU.ActiveCfg = Debug|Any CPU
		{C1DF6E4B-404C-4671-B077-66D42EEC0D46}.Debug|Any CPU.Build.0 = Debug|Any CPU
		{C1DF6E4B-404C-4671-B077-66D42EEC0D46}.Release|Any CPU.ActiveCfg = Release|Any CPU
		{C1DF6E4B-404C-4671-B077-66D42EEC0D46}.Release|Any CPU.Build.0 = Release|Any CPU
		{442FD75C-F8BD-459E-B9CE-1B9F002C2227}.Debug|Any CPU.ActiveCfg = Debug|Any CPU
		{442FD75C-F8BD-459E-B9CE-1B9F002C2227}.Debug|Any CPU.Build.0 = Debug|Any CPU
		{442FD75C-F8BD-459E-B9CE-1B9F002C2227}.Release|Any CPU.ActiveCfg = Release|Any CPU
		{442FD75C-F8BD-459E-B9CE-1B9F002C2227}.Release|Any CPU.Build.0 = Release|Any CPU
	EndGlobalSection
	GlobalSection(SolutionProperties) = preSolution
		HideSolutionNode = FALSE
	EndGlobalSection
	GlobalSection(ExtensibilityGlobals) = postSolution
		SolutionGuid = {2A41EFA5-64D5-4553-9148-DCB13DBF605F}
	EndGlobalSection
EndGlobal
