
Microsoft Visual Studio Solution File, Format Version 12.00
# Visual Studio 15
VisualStudioVersion = 15.0.27130.2026
MinimumVisualStudioVersion = 10.0.40219.1
Project("{FAE04EC0-301F-11D3-BF4B-00C04F79EFBC}") = "MailMinion", "MailMinion\MailMinion.csproj", "{0C49F4EF-B7A0-47B0-B6A7-7A509419ED7C}"
EndProject
Project("{FAE04EC0-301F-11D3-BF4B-00C04F79EFBC}") = "MailMinion.Tests", "MailMinion.Tests\MailMinion.Tests.csproj", "{8DE1B099-BF95-4FAD-ABAE-C0B66E7E188C}"
EndProject
Global
	GlobalSection(SolutionConfigurationPlatforms) = preSolution
		Debug|Any CPU = Debug|Any CPU
		Release|Any CPU = Release|Any CPU
	EndGlobalSection
	GlobalSection(ProjectConfigurationPlatforms) = postSolution
		{0C49F4EF-B7A0-47B0-B6A7-7A509419ED7C}.Debug|Any CPU.ActiveCfg = Debug|Any CPU
		{0C49F4EF-B7A0-47B0-B6A7-7A509419ED7C}.Debug|Any CPU.Build.0 = Debug|Any CPU
		{0C49F4EF-B7A0-47B0-B6A7-7A509419ED7C}.Release|Any CPU.ActiveCfg = Release|Any CPU
		{0C49F4EF-B7A0-47B0-B6A7-7A509419ED7C}.Release|Any CPU.Build.0 = Release|Any CPU
		{8DE1B099-BF95-4FAD-ABAE-C0B66E7E188C}.Debug|Any CPU.ActiveCfg = Debug|Any CPU
		{8DE1B099-BF95-4FAD-ABAE-C0B66E7E188C}.Debug|Any CPU.Build.0 = Debug|Any CPU
		{8DE1B099-BF95-4FAD-ABAE-C0B66E7E188C}.Release|Any CPU.ActiveCfg = Release|Any CPU
		{8DE1B099-BF95-4FAD-ABAE-C0B66E7E188C}.Release|Any CPU.Build.0 = Release|Any CPU
	EndGlobalSection
	GlobalSection(SolutionProperties) = preSolution
		HideSolutionNode = FALSE
	EndGlobalSection
	GlobalSection(ExtensibilityGlobals) = postSolution
		SolutionGuid = {3C3E6D36-DAF1-45E9-B7B9-47B45E55F344}
	EndGlobalSection
EndGlobal
